{
  "name": "job-hunt-engine",
  "version": "1.0.0",
  "lockfileVersion": 3,
  "requires": true,
  "packages": {
    "": {
      "name": "job-hunt-engine",
      "version": "1.0.0",
      "license": "ISC",
      "devDependencies": {
        "leash-secrets": "^1.3.0"
      }
    },
    "node_modules/leash-secrets": {
      "version": "1.3.0",
      "resolved": "https://registry.npmjs.org/leash-secrets/-/leash-secrets-1.3.0.tgz",
      "integrity": "sha512-m7zISIDFaCWefFnYUqWNAfpzVeyX3Nfd+FSvbuT5+YUNUWB/mqypsH0Qqqp4+qd4KHsiXuJMzeh01vJHftvFGw==",
      "dev": true,
      "license": "MIT",
      "bin": {
        "leash-secrets": "bin/leash-secrets.js"
      },
      "engines": {
        "node": ">=18"
      }
    }
  }
}
